
Microsoft Visual Studio Solution File, Format Version 12.00
# Visual Studio 15
VisualStudioVersion = 15.0.27130.2026
MinimumVisualStudioVersion = 10.0.40219.1
Project("{FAE04EC0-301F-11D3-BF4B-00C04F79EFBC}") = "Pre-emptive SJF Scheduling", "Pre-emptive SJF Scheduling\Pre-emptive SJF Scheduling.csproj", "{F69997C2-3CFA-4A2F-A11C-28C9FBD56B59}"
EndProject
Global
	GlobalSection(SolutionConfigurationPlatforms) = preSolution
		Debug|Any CPU = Debug|Any CPU
		Release|Any CPU = Release|Any CPU
	EndGlobalSection
	GlobalSection(ProjectConfigurationPlatforms) = postSolution
		{F69997C2-3CFA-4A2F-A11C-28C9FBD56B59}.Debug|Any CPU.ActiveCfg = Debug|Any CPU
		{F69997C2-3CFA-4A2F-A11C-28C9FBD56B59}.Debug|Any CPU.Build.0 = Debug|Any CPU
		{F69997C2-3CFA-4A2F-A11C-28C9FBD56B59}.Release|Any CPU.ActiveCfg = Release|Any CPU
		{F69997C2-3CFA-4A2F-A11C-28C9FBD56B59}.Release|Any CPU.Build.0 = Release|Any CPU
	EndGlobalSection
	GlobalSection(SolutionProperties) = preSolution
		HideSolutionNode = FALSE
	EndGlobalSection
	GlobalSection(ExtensibilityGlobals) = postSolution
		SolutionGuid = {5FC2D46E-1703-457B-83C7-EBEF3FC4936A}
	EndGlobalSection
EndGlobal
